{
  "name": "imgly-node-js-plain",
  "version": "1.0.0",
  "lockfileVersion": 3,
  "requires": true,
  "packages": {
    "": {
      "name": "imgly-node-js-plain",
      "version": "1.0.0",
      "dependencies": {
        "@cesdk/node": "1.60.0",
        "dotenv": "^17.2.3"
      }
    },
    "node_modules/@cesdk/node": {
      "version": "1.60.0",
      "resolved": "https://registry.npmjs.org/@cesdk/node/-/node-1.60.0.tgz",
      "integrity": "sha512-v/2wmsJ94yayyLRbd5QkaYOH+P3lb6Raxlj4UZaAq9uV9Cnwo8v1/aYjmmko2S2rpxZ+iLFT77C3wDPGg1/2vg==",
      "license": "SEE LICENSE IN LICENSE.md",
      "engines": {
        "node": ">=20.0.0"
      }
    },
    "node_modules/dotenv": {
      "version": "17.2.3",
      "resolved": "https://registry.npmjs.org/dotenv/-/dotenv-17.2.3.tgz",
      "integrity": "sha512-JVUnt+DUIzu87TABbhPmNfVdBDt18BLOWjMUFJMSi/Qqg7NTYtabbvSNJGOJ7afbRuv9D/lngizHtP7QyLQ+9w==",
      "license": "BSD-2-Clause",
      "engines": {
        "node": ">=12"
      },
      "funding": {
        "url": "https://dotenvx.com"
      }
    }
  }
}
